
Microsoft Visual Studio Solution File, Format Version 12.00
# Visual Studio 15
VisualStudioVersion = 15.0.27130.2003
MinimumVisualStudioVersion = 10.0.40219.1
Project("{FAE04EC0-301F-11D3-BF4B-00C04F79EFBC}") = "HomeworkFromClasswork2(09.04.2018)", "HomeworkFromClasswork2(09.04.2018)\HomeworkFromClasswork2(09.04.2018).csproj", "{731CE8B1-65E5-49E0-B5AD-132091E79FCC}"
EndProject
Global
	GlobalSection(SolutionConfigurationPlatforms) = preSolution
		Debug|Any CPU = Debug|Any CPU
		Release|Any CPU = Release|Any CPU
	EndGlobalSection
	GlobalSection(ProjectConfigurationPlatforms) = postSolution
		{731CE8B1-65E5-49E0-B5AD-132091E79FCC}.Debug|Any CPU.ActiveCfg = Debug|Any CPU
		{731CE8B1-65E5-49E0-B5AD-132091E79FCC}.Debug|Any CPU.Build.0 = Debug|Any CPU
		{731CE8B1-65E5-49E0-B5AD-132091E79FCC}.Release|Any CPU.ActiveCfg = Release|Any CPU
		{731CE8B1-65E5-49E0-B5AD-132091E79FCC}.Release|Any CPU.Build.0 = Release|Any CPU
	EndGlobalSection
	GlobalSection(SolutionProperties) = preSolution
		HideSolutionNode = FALSE
	EndGlobalSection
	GlobalSection(ExtensibilityGlobals) = postSolution
		SolutionGuid = {8DBCF97C-B4A5-430D-8F7C-85A416622914}
	EndGlobalSection
EndGlobal
