
Microsoft Visual Studio Solution File, Format Version 12.00
# Visual Studio 15
VisualStudioVersion = 15.0.27428.2037
MinimumVisualStudioVersion = 10.0.40219.1
Project("{FAE04EC0-301F-11D3-BF4B-00C04F79EFBC}") = "Classwork3(11.04.2018)", "Classwork3(11.04.2018)\Classwork3(11.04.2018).csproj", "{09F1A9E5-9BD6-45C8-A522-6B79C5D904A3}"
EndProject
Global
	GlobalSection(SolutionConfigurationPlatforms) = preSolution
		Debug|Any CPU = Debug|Any CPU
		Release|Any CPU = Release|Any CPU
	EndGlobalSection
	GlobalSection(ProjectConfigurationPlatforms) = postSolution
		{09F1A9E5-9BD6-45C8-A522-6B79C5D904A3}.Debug|Any CPU.ActiveCfg = Debug|Any CPU
		{09F1A9E5-9BD6-45C8-A522-6B79C5D904A3}.Debug|Any CPU.Build.0 = Debug|Any CPU
		{09F1A9E5-9BD6-45C8-A522-6B79C5D904A3}.Release|Any CPU.ActiveCfg = Release|Any CPU
		{09F1A9E5-9BD6-45C8-A522-6B79C5D904A3}.Release|Any CPU.Build.0 = Release|Any CPU
	EndGlobalSection
	GlobalSection(SolutionProperties) = preSolution
		HideSolutionNode = FALSE
	EndGlobalSection
	GlobalSection(ExtensibilityGlobals) = postSolution
		SolutionGuid = {38E1AFC9-3538-47FC-BFA8-F1801367BE38}
	EndGlobalSection
EndGlobal
