
Microsoft Visual Studio Solution File, Format Version 12.00
# Visual Studio 15
VisualStudioVersion = 15.0.27130.2003
MinimumVisualStudioVersion = 10.0.40219.1
Project("{FAE04EC0-301F-11D3-BF4B-00C04F79EFBC}") = "Classwork1(06.04.2018)", "Classwork1(06.04.2018)\Classwork1(06.04.2018).csproj", "{31D5E580-F092-45A1-8623-715A8E02F922}"
EndProject
Global
	GlobalSection(SolutionConfigurationPlatforms) = preSolution
		Debug|Any CPU = Debug|Any CPU
		Release|Any CPU = Release|Any CPU
	EndGlobalSection
	GlobalSection(ProjectConfigurationPlatforms) = postSolution
		{31D5E580-F092-45A1-8623-715A8E02F922}.Debug|Any CPU.ActiveCfg = Debug|Any CPU
		{31D5E580-F092-45A1-8623-715A8E02F922}.Debug|Any CPU.Build.0 = Debug|Any CPU
		{31D5E580-F092-45A1-8623-715A8E02F922}.Release|Any CPU.ActiveCfg = Release|Any CPU
		{31D5E580-F092-45A1-8623-715A8E02F922}.Release|Any CPU.Build.0 = Release|Any CPU
	EndGlobalSection
	GlobalSection(SolutionProperties) = preSolution
		HideSolutionNode = FALSE
	EndGlobalSection
	GlobalSection(ExtensibilityGlobals) = postSolution
		SolutionGuid = {C9A719FD-F612-4385-A59A-16F34531A63D}
	EndGlobalSection
EndGlobal
