
Microsoft Visual Studio Solution File, Format Version 12.00
# Visual Studio 15
VisualStudioVersion = 15.0.27130.2003
MinimumVisualStudioVersion = 10.0.40219.1
Project("{FAE04EC0-301F-11D3-BF4B-00C04F79EFBC}") = "task_DEV-9", "task_DEV-9\task_DEV-9.csproj", "{B8D7B68D-AF5B-4055-BA7D-57BC01725086}"
EndProject
Project("{FAE04EC0-301F-11D3-BF4B-00C04F79EFBC}") = "task_DEV-9.UnitTests", "task_DEV-9.UnitTests\task_DEV-9.UnitTests.csproj", "{1054B26C-F1AC-4869-8962-8D441357B727}"
EndProject
Global
	GlobalSection(SolutionConfigurationPlatforms) = preSolution
		Debug|Any CPU = Debug|Any CPU
		Release|Any CPU = Release|Any CPU
	EndGlobalSection
	GlobalSection(ProjectConfigurationPlatforms) = postSolution
		{B8D7B68D-AF5B-4055-BA7D-57BC01725086}.Debug|Any CPU.ActiveCfg = Debug|Any CPU
		{B8D7B68D-AF5B-4055-BA7D-57BC01725086}.Debug|Any CPU.Build.0 = Debug|Any CPU
		{B8D7B68D-AF5B-4055-BA7D-57BC01725086}.Release|Any CPU.ActiveCfg = Release|Any CPU
		{B8D7B68D-AF5B-4055-BA7D-57BC01725086}.Release|Any CPU.Build.0 = Release|Any CPU
		{1054B26C-F1AC-4869-8962-8D441357B727}.Debug|Any CPU.ActiveCfg = Debug|Any CPU
		{1054B26C-F1AC-4869-8962-8D441357B727}.Debug|Any CPU.Build.0 = Debug|Any CPU
		{1054B26C-F1AC-4869-8962-8D441357B727}.Release|Any CPU.ActiveCfg = Release|Any CPU
		{1054B26C-F1AC-4869-8962-8D441357B727}.Release|Any CPU.Build.0 = Release|Any CPU
	EndGlobalSection
	GlobalSection(SolutionProperties) = preSolution
		HideSolutionNode = FALSE
	EndGlobalSection
	GlobalSection(ExtensibilityGlobals) = postSolution
		SolutionGuid = {95E73317-3E4C-4AF3-A9B5-7524DA9E1079}
	EndGlobalSection
EndGlobal
