
Microsoft Visual Studio Solution File, Format Version 12.00
# Visual Studio 15
VisualStudioVersion = 15.0.27130.2003
MinimumVisualStudioVersion = 10.0.40219.1
Project("{FAE04EC0-301F-11D3-BF4B-00C04F79EFBC}") = "task_DEV-6", "task_DEV-6\task_DEV-6.csproj", "{1DC030C9-4972-4BBB-AEFC-77A9009D6C9A}"
EndProject
Global
	GlobalSection(SolutionConfigurationPlatforms) = preSolution
		Debug|Any CPU = Debug|Any CPU
		Release|Any CPU = Release|Any CPU
	EndGlobalSection
	GlobalSection(ProjectConfigurationPlatforms) = postSolution
		{1DC030C9-4972-4BBB-AEFC-77A9009D6C9A}.Debug|Any CPU.ActiveCfg = Debug|Any CPU
		{1DC030C9-4972-4BBB-AEFC-77A9009D6C9A}.Debug|Any CPU.Build.0 = Debug|Any CPU
		{1DC030C9-4972-4BBB-AEFC-77A9009D6C9A}.Release|Any CPU.ActiveCfg = Release|Any CPU
		{1DC030C9-4972-4BBB-AEFC-77A9009D6C9A}.Release|Any CPU.Build.0 = Release|Any CPU
	EndGlobalSection
	GlobalSection(SolutionProperties) = preSolution
		HideSolutionNode = FALSE
	EndGlobalSection
	GlobalSection(ExtensibilityGlobals) = postSolution
		SolutionGuid = {DC8C9637-0A11-4473-BC3C-282F01598703}
	EndGlobalSection
EndGlobal
