
Microsoft Visual Studio Solution File, Format Version 12.00
# Visual Studio 15
VisualStudioVersion = 15.0.27130.2003
MinimumVisualStudioVersion = 10.0.40219.1
Project("{FAE04EC0-301F-11D3-BF4B-00C04F79EFBC}") = "task_DEV-2", "task_DEV-2\task_DEV-2.csproj", "{CE3DCC16-5CFE-4525-B949-C5EE8EFAE28B}"
EndProject
Project("{FAE04EC0-301F-11D3-BF4B-00C04F79EFBC}") = "task_DEV-2.Tests", "task_DEV-2.Tests\task_DEV-2.Tests.csproj", "{AC90F8DB-798C-4C13-905B-5829492EF207}"
EndProject
Global
	GlobalSection(SolutionConfigurationPlatforms) = preSolution
		Debug|Any CPU = Debug|Any CPU
		Release|Any CPU = Release|Any CPU
	EndGlobalSection
	GlobalSection(ProjectConfigurationPlatforms) = postSolution
<<<<<<< HEAD
		{72B044F5-A92A-41DE-A05A-E4BEFF562EB3}.Debug|Any CPU.ActiveCfg = Debug|Any CPU
		{72B044F5-A92A-41DE-A05A-E4BEFF562EB3}.Debug|Any CPU.Build.0 = Debug|Any CPU
		{72B044F5-A92A-41DE-A05A-E4BEFF562EB3}.Release|Any CPU.ActiveCfg = Release|Any CPU
		{72B044F5-A92A-41DE-A05A-E4BEFF562EB3}.Release|Any CPU.Build.0 = Release|Any CPU
		{AC90F8DB-798C-4C13-905B-5829492EF207}.Debug|Any CPU.ActiveCfg = Debug|Any CPU
		{AC90F8DB-798C-4C13-905B-5829492EF207}.Debug|Any CPU.Build.0 = Debug|Any CPU
		{AC90F8DB-798C-4C13-905B-5829492EF207}.Release|Any CPU.ActiveCfg = Release|Any CPU
		{AC90F8DB-798C-4C13-905B-5829492EF207}.Release|Any CPU.Build.0 = Release|Any CPU
=======
		{CE3DCC16-5CFE-4525-B949-C5EE8EFAE28B}.Debug|Any CPU.ActiveCfg = Debug|Any CPU
		{CE3DCC16-5CFE-4525-B949-C5EE8EFAE28B}.Debug|Any CPU.Build.0 = Debug|Any CPU
		{CE3DCC16-5CFE-4525-B949-C5EE8EFAE28B}.Release|Any CPU.ActiveCfg = Release|Any CPU
		{CE3DCC16-5CFE-4525-B949-C5EE8EFAE28B}.Release|Any CPU.Build.0 = Release|Any CPU
>>>>>>> task_DEV-2
	EndGlobalSection
	GlobalSection(SolutionProperties) = preSolution
		HideSolutionNode = FALSE
	EndGlobalSection
	GlobalSection(ExtensibilityGlobals) = postSolution
		SolutionGuid = {E8FFBFCE-FB8E-4650-979F-DB49A4CADE40}
	EndGlobalSection
EndGlobal
